
Microsoft Visual Studio Solution File, Format Version 12.00
# Visual Studio Version 17
VisualStudioVersion = 17.3.32825.248
MinimumVisualStudioVersion = 10.0.40219.1
Project("{FAE04EC0-301F-11D3-BF4B-00C04F79EFBC}") = "Traductor.UI", "TraductorMVC\Traductor.UI.csproj", "{9DDAE46C-9894-46CB-B309-02A00A4DDD15}"
EndProject
Project("{FAE04EC0-301F-11D3-BF4B-00C04F79EFBC}") = "Traductor.Logic", "Traductor.Login\Traductor.Logic.csproj", "{12C05A32-64C4-4424-9187-E5A5580EF502}"
EndProject
Global
	GlobalSection(SolutionConfigurationPlatforms) = preSolution
		Debug|Any CPU = Debug|Any CPU
		Release|Any CPU = Release|Any CPU
	EndGlobalSection
	GlobalSection(ProjectConfigurationPlatforms) = postSolution
		{9DDAE46C-9894-46CB-B309-02A00A4DDD15}.Debug|Any CPU.ActiveCfg = Debug|Any CPU
		{9DDAE46C-9894-46CB-B309-02A00A4DDD15}.Debug|Any CPU.Build.0 = Debug|Any CPU
		{9DDAE46C-9894-46CB-B309-02A00A4DDD15}.Release|Any CPU.ActiveCfg = Release|Any CPU
		{9DDAE46C-9894-46CB-B309-02A00A4DDD15}.Release|Any CPU.Build.0 = Release|Any CPU
		{12C05A32-64C4-4424-9187-E5A5580EF502}.Debug|Any CPU.ActiveCfg = Debug|Any CPU
		{12C05A32-64C4-4424-9187-E5A5580EF502}.Debug|Any CPU.Build.0 = Debug|Any CPU
		{12C05A32-64C4-4424-9187-E5A5580EF502}.Release|Any CPU.ActiveCfg = Release|Any CPU
		{12C05A32-64C4-4424-9187-E5A5580EF502}.Release|Any CPU.Build.0 = Release|Any CPU
	EndGlobalSection
	GlobalSection(SolutionProperties) = preSolution
		HideSolutionNode = FALSE
	EndGlobalSection
	GlobalSection(ExtensibilityGlobals) = postSolution
		SolutionGuid = {7AC38EF3-9B0E-47B3-B66E-F535AC0B08CC}
	EndGlobalSection
EndGlobal
